// !$*UTF8*$!
{
	archiveVersion = 1;
	classes = {
	};
	objectVersion = 50;
	objects = {

/* Begin PBXBuildFile section */
		C713454B22ADB8DA00FE6498 /* AppDelegate.swift in Sources */ = {isa = PBXBuildFile; fileRef = C713454A22ADB8DA00FE6498 /* AppDelegate.swift */; };
		C713454D22ADB8DA00FE6498 /* SceneDelegate.swift in Sources */ = {isa = PBXBuildFile; fileRef = C713454C22ADB8DA00FE6498 /* SceneDelegate.swift */; };
		C713454F22ADB8DA00FE6498 /* ContentView.swift in Sources */ = {isa = PBXBuildFile; fileRef = C713454E22ADB8DA00FE6498 /* ContentView.swift */; };
		C713455122ADB8DE00FE6498 /* Assets.xcassets in Resources */ = {isa = PBXBuildFile; fileRef = C713455022ADB8DE00FE6498 /* Assets.xcassets */; };
		C713455422ADB8DE00FE6498 /* Preview Assets.xcassets in Resources */ = {isa = PBXBuildFile; fileRef = C713455322ADB8DE00FE6498 /* Preview Assets.xcassets */; };
		C713455722ADB8DE00FE6498 /* LaunchScreen.storyboard in Resources */ = {isa = PBXBuildFile; fileRef = C713455522ADB8DE00FE6498 /* LaunchScreen.storyboard */; };
		C713456222ADB8DF00FE6498 /* SwiftUIDemoTests.swift in Sources */ = {isa = PBXBuildFile; fileRef = C713456122ADB8DF00FE6498 /* SwiftUIDemoTests.swift */; };
		C713456D22ADB8DF00FE6498 /* SwiftUIDemoUITests.swift in Sources */ = {isa = PBXBuildFile; fileRef = C713456C22ADB8DF00FE6498 /* SwiftUIDemoUITests.swift */; };
		C7DCC3C922B41AAA00B3E307 /* CircleImage.swift in Sources */ = {isa = PBXBuildFile; fileRef = C7DCC3C822B41AAA00B3E307 /* CircleImage.swift */; };
		C7DCC3CB22B41D0000B3E307 /* MapView.swift in Sources */ = {isa = PBXBuildFile; fileRef = C7DCC3CA22B41D0000B3E307 /* MapView.swift */; };
/* End PBXBuildFile section */

/* Begin PBXContainerItemProxy section */
		C713455E22ADB8DF00FE6498 /* PBXContainerItemProxy */ = {
			isa = PBXContainerItemProxy;
			containerPortal = C713453F22ADB8DA00FE6498 /* Project object */;
			proxyType = 1;
			remoteGlobalIDString = C713454622ADB8DA00FE6498;
			remoteInfo = SwiftUIDemo;
		};
		C713456922ADB8DF00FE6498 /* PBXContainerItemProxy */ = {
			isa = PBXContainerItemProxy;
			containerPortal = C713453F22ADB8DA00FE6498 /* Project object */;
			proxyType = 1;
			remoteGlobalIDString = C713454622ADB8DA00FE6498;
			remoteInfo = SwiftUIDemo;
		};
/* End PBXContainerItemProxy section */

/* Begin PBXFileReference section */
		C713454722ADB8DA00FE6498 /* SwiftUIDemo.app */ = {isa = PBXFileReference; explicitFileType = wrapper.application; includeInIndex = 0; path = SwiftUIDemo.app; sourceTree = BUILT_PRODUCTS_DIR; };
		C713454A22ADB8DA00FE6498 /* AppDelegate.swift */ = {isa = PBXFileReference; lastKnownFileType = sourcecode.swift; path = AppDelegate.swift; sourceTree = "<group>"; };
		C713454C22ADB8DA00FE6498 /* SceneDelegate.swift */ = {isa = PBXFileReference; lastKnownFileType = sourcecode.swift; path = SceneDelegate.swift; sourceTree = "<group>"; };
		C713454E22ADB8DA00FE6498 /* ContentView.swift */ = {isa = PBXFileReference; lastKnownFileType = sourcecode.swift; path = ContentView.swift; sourceTree = "<group>"; };
		C713455022ADB8DE00FE6498 /* Assets.xcassets */ = {isa = PBXFileReference; lastKnownFileType = folder.assetcatalog; path = Assets.xcassets; sourceTree = "<group>"; };
		C713455322ADB8DE00FE6498 /* Preview Assets.xcassets */ = {isa = PBXFileReference; lastKnownFileType = folder.assetcatalog; path = "Preview Assets.xcassets"; sourceTree = "<group>"; };
		C713455622ADB8DE00FE6498 /* Base */ = {isa = PBXFileReference; lastKnownFileType = file.storyboard; name = Base; path = Base.lproj/LaunchScreen.storyboard; sourceTree = "<group>"; };
		C713455822ADB8DE00FE6498 /* Info.plist */ = {isa = PBXFileReference; lastKnownFileType = text.plist.xml; path = Info.plist; sourceTree = "<group>"; };
		C713455D22ADB8DF00FE6498 /* SwiftUIDemoTests.xctest */ = {isa = PBXFileReference; explicitFileType = wrapper.cfbundle; includeInIndex = 0; path = SwiftUIDemoTests.xctest; sourceTree = BUILT_PRODUCTS_DIR; };
		C713456122ADB8DF00FE6498 /* SwiftUIDemoTests.swift */ = {isa = PBXFileReference; lastKnownFileType = sourcecode.swift; path = SwiftUIDemoTests.swift; sourceTree = "<group>"; };
		C713456322ADB8DF00FE6498 /* Info.plist */ = {isa = PBXFileReference; lastKnownFileType = text.plist.xml; path = Info.plist; sourceTree = "<group>"; };
		C713456822ADB8DF00FE6498 /* SwiftUIDemoUITests.xctest */ = {isa = PBXFileReference; explicitFileType = wrapper.cfbundle; includeInIndex = 0; path = SwiftUIDemoUITests.xctest; sourceTree = BUILT_PRODUCTS_DIR; };
		C713456C22ADB8DF00FE6498 /* SwiftUIDemoUITests.swift */ = {isa = PBXFileReference; lastKnownFileType = sourcecode.swift; path = SwiftUIDemoUITests.swift; sourceTree = "<group>"; };
		C713456E22ADB8DF00FE6498 /* Info.plist */ = {isa = PBXFileReference; lastKnownFileType = text.plist.xml; path = Info.plist; sourceTree = "<group>"; };
		C7DCC3C822B41AAA00B3E307 /* CircleImage.swift */ = {isa = PBXFileReference; lastKnownFileType = sourcecode.swift; path = CircleImage.swift; sourceTree = "<group>"; };
		C7DCC3CA22B41D0000B3E307 /* MapView.swift */ = {isa = PBXFileReference; lastKnownFileType = sourcecode.swift; path = MapView.swift; sourceTree = "<group>"; };
/* End PBXFileReference section */

/* Begin PBXFrameworksBuildPhase section */
		C713454422ADB8DA00FE6498 /* Frameworks */ = {
			isa = PBXFrameworksBuildPhase;
			buildActionMask = 2147483647;
			files = (
			);
			runOnlyForDeploymentPostprocessing = 0;
		};
		C713455A22ADB8DF00FE6498 /* Frameworks */ = {
			isa = PBXFrameworksBuildPhase;
			buildActionMask = 2147483647;
			files = (
			);
			runOnlyForDeploymentPostprocessing = 0;
		};
		C713456522ADB8DF00FE6498 /* Frameworks */ = {
			isa = PBXFrameworksBuildPhase;
			buildActionMask = 2147483647;
			files = (
			);
			runOnlyForDeploymentPostprocessing = 0;
		};
/* End PBXFrameworksBuildPhase section */

/* Begin PBXGroup section */
		C713453E22ADB8DA00FE6498 = {
			isa = PBXGroup;
			children = (
				C713454922ADB8DA00FE6498 /* SwiftUIDemo */,
				C713456022ADB8DF00FE6498 /* SwiftUIDemoTests */,
				C713456B22ADB8DF00FE6498 /* SwiftUIDemoUITests */,
				C713454822ADB8DA00FE6498 /* Products */,
			);
			sourceTree = "<group>";
		};
		C713454822ADB8DA00FE6498 /* Products */ = {
			isa = PBXGroup;
			children = (
				C713454722ADB8DA00FE6498 /* SwiftUIDemo.app */,
				C713455D22ADB8DF00FE6498 /* SwiftUIDemoTests.xctest */,
				C713456822ADB8DF00FE6498 /* SwiftUIDemoUITests.xctest */,
			);
			name = Products;
			sourceTree = "<group>";
		};
		C713454922ADB8DA00FE6498 /* SwiftUIDemo */ = {
			isa = PBXGroup;
			children = (
				C713454A22ADB8DA00FE6498 /* AppDelegate.swift */,
				C713454C22ADB8DA00FE6498 /* SceneDelegate.swift */,
				C713454E22ADB8DA00FE6498 /* ContentView.swift */,
				C7DCC3C822B41AAA00B3E307 /* CircleImage.swift */,
				C7DCC3CA22B41D0000B3E307 /* MapView.swift */,
				C713455022ADB8DE00FE6498 /* Assets.xcassets */,
				C713455522ADB8DE00FE6498 /* LaunchScreen.storyboard */,
				C713455822ADB8DE00FE6498 /* Info.plist */,
				C713455222ADB8DE00FE6498 /* Preview Content */,
			);
			path = SwiftUIDemo;
			sourceTree = "<group>";
		};
		C713455222ADB8DE00FE6498 /* Preview Content */ = {
			isa = PBXGroup;
			children = (
				C713455322ADB8DE00FE6498 /* Preview Assets.xcassets */,
			);
			path = "Preview Content";
			sourceTree = "<group>";
		};
		C713456022ADB8DF00FE6498 /* SwiftUIDemoTests */ = {
			isa = PBXGroup;
			children = (
				C713456122ADB8DF00FE6498 /* SwiftUIDemoTests.swift */,
				C713456322ADB8DF00FE6498 /* Info.plist */,
			);
			path = SwiftUIDemoTests;
			sourceTree = "<group>";
		};
		C713456B22ADB8DF00FE6498 /* SwiftUIDemoUITests */ = {
			isa = PBXGroup;
			children = (
				C713456C22ADB8DF00FE6498 /* SwiftUIDemoUITests.swift */,
				C713456E22ADB8DF00FE6498 /* Info.plist */,
			);
			path = SwiftUIDemoUITests;
			sourceTree = "<group>";
		};
/* End PBXGroup section */

/* Begin PBXNativeTarget section */
		C713454622ADB8DA00FE6498 /* SwiftUIDemo */ = {
			isa = PBXNativeTarget;
			buildConfigurationList = C713457122ADB8DF00FE6498 /* Build configuration list for PBXNativeTarget "SwiftUIDemo" */;
			buildPhases = (
				C713454322ADB8DA00FE6498 /* Sources */,
				C713454422ADB8DA00FE6498 /* Frameworks */,
				C713454522ADB8DA00FE6498 /* Resources */,
			);
			buildRules = (
			);
			dependencies = (
			);
			name = SwiftUIDemo;
			productName = SwiftUIDemo;
			productReference = C713454722ADB8DA00FE6498 /* SwiftUIDemo.app */;
			productType = "com.apple.product-type.application";
		};
		C713455C22ADB8DF00FE6498 /* SwiftUIDemoTests */ = {
			isa = PBXNativeTarget;
			buildConfigurationList = C713457422ADB8DF00FE6498 /* Build configuration list for PBXNativeTarget "SwiftUIDemoTests" */;
			buildPhases = (
				C713455922ADB8DF00FE6498 /* Sources */,
				C713455A22ADB8DF00FE6498 /* Frameworks */,
				C713455B22ADB8DF00FE6498 /* Resources */,
			);
			buildRules = (
			);
			dependencies = (
				C713455F22ADB8DF00FE6498 /* PBXTargetDependency */,
			);
			name = SwiftUIDemoTests;
			productName = SwiftUIDemoTests;
			productReference = C713455D22ADB8DF00FE6498 /* SwiftUIDemoTests.xctest */;
			productType = "com.apple.product-type.bundle.unit-test";
		};
		C713456722ADB8DF00FE6498 /* SwiftUIDemoUITests */ = {
			isa = PBXNativeTarget;
			buildConfigurationList = C713457722ADB8DF00FE6498 /* Build configuration list for PBXNativeTarget "SwiftUIDemoUITests" */;
			buildPhases = (
				C713456422ADB8DF00FE6498 /* Sources */,
				C713456522ADB8DF00FE6498 /* Frameworks */,
				C713456622ADB8DF00FE6498 /* Resources */,
			);
			buildRules = (
			);
			dependencies = (
				C713456A22ADB8DF00FE6498 /* PBXTargetDependency */,
			);
			name = SwiftUIDemoUITests;
			productName = SwiftUIDemoUITests;
			productReference = C713456822ADB8DF00FE6498 /* SwiftUIDemoUITests.xctest */;
			productType = "com.apple.product-type.bundle.ui-testing";
		};
/* End PBXNativeTarget section */

/* Begin PBXProject section */
		C713453F22ADB8DA00FE6498 /* Project object */ = {
			isa = PBXProject;
			attributes = {
				LastSwiftUpdateCheck = 1100;
				LastUpgradeCheck = 1100;
				ORGANIZATIONNAME = "GEORGE QUENTIN";
				TargetAttributes = {
					C713454622ADB8DA00FE6498 = {
						CreatedOnToolsVersion = 11.0;
					};
					C713455C22ADB8DF00FE6498 = {
						CreatedOnToolsVersion = 11.0;
						TestTargetID = C713454622ADB8DA00FE6498;
					};
					C713456722ADB8DF00FE6498 = {
						CreatedOnToolsVersion = 11.0;
						TestTargetID = C713454622ADB8DA00FE6498;
					};
				};
			};
			buildConfigurationList = C713454222ADB8DA00FE6498 /* Build configuration list for PBXProject "SwiftUIDemo" */;
			compatibilityVersion = "Xcode 9.3";
			developmentRegion = en;
			hasScannedForEncodings = 0;
			knownRegions = (
				en,
				Base,
			);
			mainGroup = C713453E22ADB8DA00FE6498;
			productRefGroup = C713454822ADB8DA00FE6498 /* Products */;
			projectDirPath = "";
			projectRoot = "";
			targets = (
				C713454622ADB8DA00FE6498 /* SwiftUIDemo */,
				C713455C22ADB8DF00FE6498 /* SwiftUIDemoTests */,
				C713456722ADB8DF00FE6498 /* SwiftUIDemoUITests */,
			);
		};
/* End PBXProject section */

/* Begin PBXResourcesBuildPhase section */
		C713454522ADB8DA00FE6498 /* Resources */ = {
			isa = PBXResourcesBuildPhase;
			buildActionMask = 2147483647;
			files = (
				C713455722ADB8DE00FE6498 /* LaunchScreen.storyboard in Resources */,
				C713455422ADB8DE00FE6498 /* Preview Assets.xcassets in Resources */,
				C713455122ADB8DE00FE6498 /* Assets.xcassets in Resources */,
			);
			runOnlyForDeploymentPostprocessing = 0;
		};
		C713455B22ADB8DF00FE6498 /* Resources */ = {
			isa = PBXResourcesBuildPhase;
			buildActionMask = 2147483647;
			files = (
			);
			runOnlyForDeploymentPostprocessing = 0;
		};
		C713456622ADB8DF00FE6498 /* Resources */ = {
			isa = PBXResourcesBuildPhase;
			buildActionMask = 2147483647;
			files = (
			);
			runOnlyForDeploymentPostprocessing = 0;
		};
/* End PBXResourcesBuildPhase section */

/* Begin PBXSourcesBuildPhase section */
		C713454322ADB8DA00FE6498 /* Sources */ = {
			isa = PBXSourcesBuildPhase;
			buildActionMask = 2147483647;
			files = (
				C713454B22ADB8DA00FE6498 /* AppDelegate.swift in Sources */,
				C7DCC3C922B41AAA00B3E307 /* CircleImage.swift in Sources */,
				C7DCC3CB22B41D0000B3E307 /* MapView.swift in Sources */,
				C713454D22ADB8DA00FE6498 /* SceneDelegate.swift in Sources */,
				C713454F22ADB8DA00FE6498 /* ContentView.swift in Sources */,
			);
			runOnlyForDeploymentPostprocessing = 0;
		};
		C713455922ADB8DF00FE6498 /* Sources */ = {
			isa = PBXSourcesBuildPhase;
			buildActionMask = 2147483647;
			files = (
				C713456222ADB8DF00FE6498 /* SwiftUIDemoTests.swift in Sources */,
			);
			runOnlyForDeploymentPostprocessing = 0;
		};
		C713456422ADB8DF00FE6498 /* Sources */ = {
			isa = PBXSourcesBuildPhase;
			buildActionMask = 2147483647;
			files = (
				C713456D22ADB8DF00FE6498 /* SwiftUIDemoUITests.swift in Sources */,
			);
			runOnlyForDeploymentPostprocessing = 0;
		};
/* End PBXSourcesBuildPhase section */

/* Begin PBXTargetDependency section */
		C713455F22ADB8DF00FE6498 /* PBXTargetDependency */ = {
			isa = PBXTargetDependency;
			target = C713454622ADB8DA00FE6498 /* SwiftUIDemo */;
			targetProxy = C713455E22ADB8DF00FE6498 /* PBXContainerItemProxy */;
		};
		C713456A22ADB8DF00FE6498 /* PBXTargetDependency */ = {
			isa = PBXTargetDependency;
			target = C713454622ADB8DA00FE6498 /* SwiftUIDemo */;
			targetProxy = C713456922ADB8DF00FE6498 /* PBXContainerItemProxy */;
		};
/* End PBXTargetDependency section */

/* Begin PBXVariantGroup section */
		C713455522ADB8DE00FE6498 /* LaunchScreen.storyboard */ = {
			isa = PBXVariantGroup;
			children = (
				C713455622ADB8DE00FE6498 /* Base */,
			);
			name = LaunchScreen.storyboard;
			sourceTree = "<group>";
		};
/* End PBXVariantGroup section */

/* Begin XCBuildConfiguration section */
		C713456F22ADB8DF00FE6498 /* Debug */ = {
			isa = XCBuildConfiguration;
			buildSettings = {
				ALWAYS_SEARCH_USER_PATHS = NO;
				CLANG_ANALYZER_NONNULL = YES;
				CLANG_ANALYZER_NUMBER_OBJECT_CONVERSION = YES_AGGRESSIVE;
				CLANG_CXX_LANGUAGE_STANDARD = "gnu++14";
				CLANG_CXX_LIBRARY = "libc++";
				CLANG_ENABLE_MODULES = YES;
				CLANG_ENABLE_OBJC_ARC = YES;
				CLANG_ENABLE_OBJC_WEAK = YES;
				CLANG_WARN_BLOCK_CAPTURE_AUTORELEASING = YES;
				CLANG_WARN_BOOL_CONVERSION = YES;
				CLANG_WARN_COMMA = YES;
				CLANG_WARN_CONSTANT_CONVERSION = YES;
				CLANG_WARN_DEPRECATED_OBJC_IMPLEMENTATIONS = YES;
				CLANG_WARN_DIRECT_OBJC_ISA_USAGE = YES_ERROR;
				CLANG_WARN_DOCUMENTATION_COMMENTS = YES;
				CLANG_WARN_EMPTY_BODY = YES;
				CLANG_WARN_ENUM_CONVERSION = YES;
				CLANG_WARN_INFINITE_RECURSION = YES;
				CLANG_WARN_INT_CONVERSION = YES;
				CLANG_WARN_NON_LITERAL_NULL_CONVERSION = YES;
				CLANG_WARN_OBJC_IMPLICIT_RETAIN_SELF = YES;
				CLANG_WARN_OBJC_LITERAL_CONVERSION = YES;
				CLANG_WARN_OBJC_ROOT_CLASS = YES_ERROR;
				CLANG_WARN_RANGE_LOOP_ANALYSIS = YES;
				CLANG_WARN_STRICT_PROTOTYPES = YES;
				CLANG_WARN_SUSPICIOUS_MOVE = YES;
				CLANG_WARN_UNGUARDED_AVAILABILITY = YES_AGGRESSIVE;
				CLANG_WARN_UNREACHABLE_CODE = YES;
				CLANG_WARN__DUPLICATE_METHOD_MATCH = YES;
				COPY_PHASE_STRIP = NO;
				DEBUG_INFORMATION_FORMAT = dwarf;
				ENABLE_STRICT_OBJC_MSGSEND = YES;
				ENABLE_TESTABILITY = YES;
				GCC_C_LANGUAGE_STANDARD = gnu11;
				GCC_DYNAMIC_NO_PIC = NO;
				GCC_NO_COMMON_BLOCKS = YES;
				GCC_OPTIMIZATION_LEVEL = 0;
				GCC_PREPROCESSOR_DEFINITIONS = (
					"DEBUG=1",
					"$(inherited)",
				);
				GCC_WARN_64_TO_32_BIT_CONVERSION = YES;
				GCC_WARN_ABOUT_RETURN_TYPE = YES_ERROR;
				GCC_WARN_UNDECLARED_SELECTOR = YES;
				GCC_WARN_UNINITIALIZED_AUTOS = YES_AGGRESSIVE;
				GCC_WARN_UNUSED_FUNCTION = YES;
				GCC_WARN_UNUSED_VARIABLE = YES;
				IPHONEOS_DEPLOYMENT_TARGET = 13.0;
				MTL_ENABLE_DEBUG_INFO = INCLUDE_SOURCE;
				MTL_FAST_MATH = YES;
				ONLY_ACTIVE_ARCH = YES;
				SDKROOT = iphoneos;
				SWIFT_ACTIVE_COMPILATION_CONDITIONS = DEBUG;
				SWIFT_OPTIMIZATION_LEVEL = "-Onone";
			};
			name = Debug;
		};
		C713457022ADB8DF00FE6498 /* Release */ = {
			isa = XCBuildConfiguration;
			buildSettings = {
				ALWAYS_SEARCH_USER_PATHS = NO;
				CLANG_ANALYZER_NONNULL = YES;
				CLANG_ANALYZER_NUMBER_OBJECT_CONVERSION = YES_AGGRESSIVE;
				CLANG_CXX_LANGUAGE_STANDARD = "gnu++14";
				CLANG_CXX_LIBRARY = "libc++";
				CLANG_ENABLE_MODULES = YES;
				CLANG_ENABLE_OBJC_ARC = YES;
				CLANG_ENABLE_OBJC_WEAK = YES;
				CLANG_WARN_BLOCK_CAPTURE_AUTORELEASING = YES;
				CLANG_WARN_BOOL_CONVERSION = YES;
				CLANG_WARN_COMMA = YES;
				CLANG_WARN_CONSTANT_CONVERSION = YES;
				CLANG_WARN_DEPRECATED_OBJC_IMPLEMENTATIONS = YES;
				CLANG_WARN_DIRECT_OBJC_ISA_USAGE = YES_ERROR;
				CLANG_WARN_DOCUMENTATION_COMMENTS = YES;
				CLANG_WARN_EMPTY_BODY = YES;
				CLANG_WARN_ENUM_CONVERSION = YES;
				CLANG_WARN_INFINITE_RECURSION = YES;
				CLANG_WARN_INT_CONVERSION = YES;
				CLANG_WARN_NON_LITERAL_NULL_CONVERSION = YES;
				CLANG_WARN_OBJC_IMPLICIT_RETAIN_SELF = YES;
				CLANG_WARN_OBJC_LITERAL_CONVERSION = YES;
				CLANG_WARN_OBJC_ROOT_CLASS = YES_ERROR;
				CLANG_WARN_RANGE_LOOP_ANALYSIS = YES;
				CLANG_WARN_STRICT_PROTOTYPES = YES;
				CLANG_WARN_SUSPICIOUS_MOVE = YES;
				CLANG_WARN_UNGUARDED_AVAILABILITY = YES_AGGRESSIVE;
				CLANG_WARN_UNREACHABLE_CODE = YES;
				CLANG_WARN__DUPLICATE_METHOD_MATCH = YES;
				COPY_PHASE_STRIP = NO;
				DEBUG_INFORMATION_FORMAT = "dwarf-with-dsym";
				ENABLE_NS_ASSERTIONS = NO;
				ENABLE_STRICT_OBJC_MSGSEND = YES;
				GCC_C_LANGUAGE_STANDARD = gnu11;
				GCC_NO_COMMON_BLOCKS = YES;
				GCC_WARN_64_TO_32_BIT_CONVERSION = YES;
				GCC_WARN_ABOUT_RETURN_TYPE = YES_ERROR;
				GCC_WARN_UNDECLARED_SELECTOR = YES;
				GCC_WARN_UNINITIALIZED_AUTOS = YES_AGGRESSIVE;
				GCC_WARN_UNUSED_FUNCTION = YES;
				GCC_WARN_UNUSED_VARIABLE = YES;
				IPHONEOS_DEPLOYMENT_TARGET = 13.0;
				MTL_ENABLE_DEBUG_INFO = NO;
				MTL_FAST_MATH = YES;
				SDKROOT = iphoneos;
				SWIFT_COMPILATION_MODE = wholemodule;
				SWIFT_OPTIMIZATION_LEVEL = "-O";
				VALIDATE_PRODUCT = YES;
			};
			name = Release;
		};
		C713457222ADB8DF00FE6498 /* Debug */ = {
			isa = XCBuildConfiguration;
			buildSettings = {
				ASSETCATALOG_COMPILER_APPICON_NAME = AppIcon;
				CODE_SIGN_STYLE = Automatic;
				DEVELOPMENT_ASSET_PATHS = "SwiftUIDemo/Preview\\ Content";
				ENABLE_PREVIEWS = YES;
				INFOPLIST_FILE = SwiftUIDemo/Info.plist;
				LD_RUNPATH_SEARCH_PATHS = (
					"$(inherited)",
					"@executable_path/Frameworks",
				);
				PRODUCT_BUNDLE_IDENTIFIER = "com.geo-games.SwiftUIDemo";
				PRODUCT_NAME = "$(TARGET_NAME)";
				SWIFT_VERSION = 5.0;
				TARGETED_DEVICE_FAMILY = "1,2";
			};
			name = Debug;
		};
		C713457322ADB8DF00FE6498 /* Release */ = {
			isa = XCBuildConfiguration;
			buildSettings = {
				ASSETCATALOG_COMPILER_APPICON_NAME = AppIcon;
				CODE_SIGN_STYLE = Automatic;
				DEVELOPMENT_ASSET_PATHS = "SwiftUIDemo/Preview\\ Content";
				ENABLE_PREVIEWS = YES;
				INFOPLIST_FILE = SwiftUIDemo/Info.plist;
				LD_RUNPATH_SEARCH_PATHS = (
					"$(inherited)",
					"@executable_path/Frameworks",
				);
				PRODUCT_BUNDLE_IDENTIFIER = "com.geo-games.SwiftUIDemo";
				PRODUCT_NAME = "$(TARGET_NAME)";
				SWIFT_VERSION = 5.0;
				TARGETED_DEVICE_FAMILY = "1,2";
			};
			name = Release;
		};
		C713457522ADB8DF00FE6498 /* Debug */ = {
			isa = XCBuildConfiguration;
			buildSettings = {
				ALWAYS_EMBED_SWIFT_STANDARD_LIBRARIES = YES;
				BUNDLE_LOADER = "$(TEST_HOST)";
				CODE_SIGN_STYLE = Automatic;
				INFOPLIST_FILE = SwiftUIDemoTests/Info.plist;
				LD_RUNPATH_SEARCH_PATHS = (
					"$(inherited)",
					"@executable_path/Frameworks",
					"@loader_path/Frameworks",
				);
				PRODUCT_BUNDLE_IDENTIFIER = "com.geo-games.SwiftUIDemoTests";
				PRODUCT_NAME = "$(TARGET_NAME)";
				SWIFT_VERSION = 5.0;
				TARGETED_DEVICE_FAMILY = "1,2";
				TEST_HOST = "$(BUILT_PRODUCTS_DIR)/SwiftUIDemo.app/SwiftUIDemo";
			};
			name = Debug;
		};
		C713457622ADB8DF00FE6498 /* Release */ = {
			isa = XCBuildConfiguration;
			buildSettings = {
				ALWAYS_EMBED_SWIFT_STANDARD_LIBRARIES = YES;
				BUNDLE_LOADER = "$(TEST_HOST)";
				CODE_SIGN_STYLE = Automatic;
				INFOPLIST_FILE = SwiftUIDemoTests/Info.plist;
				LD_RUNPATH_SEARCH_PATHS = (
					"$(inherited)",
					"@executable_path/Frameworks",
					"@loader_path/Frameworks",
				);
				PRODUCT_BUNDLE_IDENTIFIER = "com.geo-games.SwiftUIDemoTests";
				PRODUCT_NAME = "$(TARGET_NAME)";
				SWIFT_VERSION = 5.0;
				TARGETED_DEVICE_FAMILY = "1,2";
				TEST_HOST = "$(BUILT_PRODUCTS_DIR)/SwiftUIDemo.app/SwiftUIDemo";
			};
			name = Release;
		};
		C713457822ADB8DF00FE6498 /* Debug */ = {
			isa = XCBuildConfiguration;
			buildSettings = {
				ALWAYS_EMBED_SWIFT_STANDARD_LIBRARIES = YES;
				CODE_SIGN_STYLE = Automatic;
				INFOPLIST_FILE = SwiftUIDemoUITests/Info.plist;
				LD_RUNPATH_SEARCH_PATHS = (
					"$(inherited)",
					"@executable_path/Frameworks",
					"@loader_path/Frameworks",
				);
				PRODUCT_BUNDLE_IDENTIFIER = "com.geo-games.SwiftUIDemoUITests";
				PRODUCT_NAME = "$(TARGET_NAME)";
				SWIFT_VERSION = 5.0;
				TARGETED_DEVICE_FAMILY = "1,2";
				TEST_TARGET_NAME = SwiftUIDemo;
			};
			name = Debug;
		};
		C713457922ADB8DF00FE6498 /* Release */ = {
			isa = XCBuildConfiguration;
			buildSettings = {
				ALWAYS_EMBED_SWIFT_STANDARD_LIBRARIES = YES;
				CODE_SIGN_STYLE = Automatic;
				INFOPLIST_FILE = SwiftUIDemoUITests/Info.plist;
				LD_RUNPATH_SEARCH_PATHS = (
					"$(inherited)",
					"@executable_path/Frameworks",
					"@loader_path/Frameworks",
				);
				PRODUCT_BUNDLE_IDENTIFIER = "com.geo-games.SwiftUIDemoUITests";
				PRODUCT_NAME = "$(TARGET_NAME)";
				SWIFT_VERSION = 5.0;
				TARGETED_DEVICE_FAMILY = "1,2";
				TEST_TARGET_NAME = SwiftUIDemo;
			};
			name = Release;
		};
/* End XCBuildConfiguration section */

/* Begin XCConfigurationList section */
		C713454222ADB8DA00FE6498 /* Build configuration list for PBXProject "SwiftUIDemo" */ = {
			isa = XCConfigurationList;
			buildConfigurations = (
				C713456F22ADB8DF00FE6498 /* Debug */,
				C713457022ADB8DF00FE6498 /* Release */,
			);
			defaultConfigurationIsVisible = 0;
			defaultConfigurationName = Release;
		};
		C713457122ADB8DF00FE6498 /* Build configuration list for PBXNativeTarget "SwiftUIDemo" */ = {
			isa = XCConfigurationList;
			buildConfigurations = (
				C713457222ADB8DF00FE6498 /* Debug */,
				C713457322ADB8DF00FE6498 /* Release */,
			);
			defaultConfigurationIsVisible = 0;
			defaultConfigurationName = Release;
		};
		C713457422ADB8DF00FE6498 /* Build configuration list for PBXNativeTarget "SwiftUIDemoTests" */ = {
			isa = XCConfigurationList;
			buildConfigurations = (
				C713457522ADB8DF00FE6498 /* Debug */,
				C713457622ADB8DF00FE6498 /* Release */,
			);
			defaultConfigurationIsVisible = 0;
			defaultConfigurationName = Release;
		};
		C713457722ADB8DF00FE6498 /* Build configuration list for PBXNativeTarget "SwiftUIDemoUITests" */ = {
			isa = XCConfigurationList;
			buildConfigurations = (
				C713457822ADB8DF00FE6498 /* Debug */,
				C713457922ADB8DF00FE6498 /* Release */,
			);
			defaultConfigurationIsVisible = 0;
			defaultConfigurationName = Release;
		};
/* End XCConfigurationList section */
	};
	rootObject = C713453F22ADB8DA00FE6498 /* Project object */;
}
